// !$*UTF8*$!
{
	archiveVersion = 1;
	classes = {
	};
	objectVersion = 55;
	objects = {

/* Begin PBXBuildFile section */
		CB23A4E12826D676004CE426 /* BoardView.swift in Sources */ = {isa = PBXBuildFile; fileRef = CB23A4E02826D676004CE426 /* BoardView.swift */; };
		CB23A4E32826E059004CE426 /* MenuView.swift in Sources */ = {isa = PBXBuildFile; fileRef = CB23A4E22826E059004CE426 /* MenuView.swift */; };
		CB2501932824DE8C00ACFB46 /* Cross.swift in Sources */ = {isa = PBXBuildFile; fileRef = CB2501922824DE8C00ACFB46 /* Cross.swift */; };
		CB3FD6F7282670FE00BCB20A /* TileView.swift in Sources */ = {isa = PBXBuildFile; fileRef = CB3FD6F6282670FE00BCB20A /* TileView.swift */; };
		CB3FD6F92826712500BCB20A /* AnyShape.swift in Sources */ = {isa = PBXBuildFile; fileRef = CB3FD6F82826712500BCB20A /* AnyShape.swift */; };
		CB3FD6FB2826728A00BCB20A /* SymbolView.swift in Sources */ = {isa = PBXBuildFile; fileRef = CB3FD6FA2826728A00BCB20A /* SymbolView.swift */; };
		CB3FD6FE282676FE00BCB20A /* GameTileView.swift in Sources */ = {isa = PBXBuildFile; fileRef = CB3FD6FD282676FE00BCB20A /* GameTileView.swift */; };
		CB586C05282972DA00138289 /* MenuViewModel.swift in Sources */ = {isa = PBXBuildFile; fileRef = CB586C04282972DA00138289 /* MenuViewModel.swift */; };
		CBC314FC28170CD2004CBD67 /* TicTacToeApp.swift in Sources */ = {isa = PBXBuildFile; fileRef = CBC314FB28170CD2004CBD67 /* TicTacToeApp.swift */; };
		CBC314FE28170CD2004CBD67 /* GameView.swift in Sources */ = {isa = PBXBuildFile; fileRef = CBC314FD28170CD2004CBD67 /* GameView.swift */; };
		CBC3150028170CD4004CBD67 /* Assets.xcassets in Resources */ = {isa = PBXBuildFile; fileRef = CBC314FF28170CD4004CBD67 /* Assets.xcassets */; };
		CBC3150328170CD4004CBD67 /* Preview Assets.xcassets in Resources */ = {isa = PBXBuildFile; fileRef = CBC3150228170CD4004CBD67 /* Preview Assets.xcassets */; };
		CBC3150A2817132E004CBD67 /* Game.swift in Sources */ = {isa = PBXBuildFile; fileRef = CBC315092817132E004CBD67 /* Game.swift */; };
		CBC3150C28171536004CBD67 /* GameViewModel.swift in Sources */ = {isa = PBXBuildFile; fileRef = CBC3150B28171536004CBD67 /* GameViewModel.swift */; };
/* End PBXBuildFile section */

/* Begin PBXFileReference section */
		CB23A4E02826D676004CE426 /* BoardView.swift */ = {isa = PBXFileReference; lastKnownFileType = sourcecode.swift; path = BoardView.swift; sourceTree = "<group>"; };
		CB23A4E22826E059004CE426 /* MenuView.swift */ = {isa = PBXFileReference; lastKnownFileType = sourcecode.swift; path = MenuView.swift; sourceTree = "<group>"; };
		CB2501922824DE8C00ACFB46 /* Cross.swift */ = {isa = PBXFileReference; lastKnownFileType = sourcecode.swift; path = Cross.swift; sourceTree = "<group>"; };
		CB3FD6F6282670FE00BCB20A /* TileView.swift */ = {isa = PBXFileReference; lastKnownFileType = sourcecode.swift; path = TileView.swift; sourceTree = "<group>"; };
		CB3FD6F82826712500BCB20A /* AnyShape.swift */ = {isa = PBXFileReference; lastKnownFileType = sourcecode.swift; path = AnyShape.swift; sourceTree = "<group>"; };
		CB3FD6FA2826728A00BCB20A /* SymbolView.swift */ = {isa = PBXFileReference; lastKnownFileType = sourcecode.swift; path = SymbolView.swift; sourceTree = "<group>"; };
		CB3FD6FD282676FE00BCB20A /* GameTileView.swift */ = {isa = PBXFileReference; lastKnownFileType = sourcecode.swift; path = GameTileView.swift; sourceTree = "<group>"; };
		CB586C04282972DA00138289 /* MenuViewModel.swift */ = {isa = PBXFileReference; lastKnownFileType = sourcecode.swift; path = MenuViewModel.swift; sourceTree = "<group>"; };
		CBC314F828170CD2004CBD67 /* TicTacToe.app */ = {isa = PBXFileReference; explicitFileType = wrapper.application; includeInIndex = 0; path = TicTacToe.app; sourceTree = BUILT_PRODUCTS_DIR; };
		CBC314FB28170CD2004CBD67 /* TicTacToeApp.swift */ = {isa = PBXFileReference; lastKnownFileType = sourcecode.swift; path = TicTacToeApp.swift; sourceTree = "<group>"; };
		CBC314FD28170CD2004CBD67 /* GameView.swift */ = {isa = PBXFileReference; lastKnownFileType = sourcecode.swift; path = GameView.swift; sourceTree = "<group>"; };
		CBC314FF28170CD4004CBD67 /* Assets.xcassets */ = {isa = PBXFileReference; lastKnownFileType = folder.assetcatalog; path = Assets.xcassets; sourceTree = "<group>"; };
		CBC3150228170CD4004CBD67 /* Preview Assets.xcassets */ = {isa = PBXFileReference; lastKnownFileType = folder.assetcatalog; path = "Preview Assets.xcassets"; sourceTree = "<group>"; };
		CBC315092817132E004CBD67 /* Game.swift */ = {isa = PBXFileReference; lastKnownFileType = sourcecode.swift; path = Game.swift; sourceTree = "<group>"; };
		CBC3150B28171536004CBD67 /* GameViewModel.swift */ = {isa = PBXFileReference; lastKnownFileType = sourcecode.swift; path = GameViewModel.swift; sourceTree = "<group>"; };
/* End PBXFileReference section */

/* Begin PBXFrameworksBuildPhase section */
		CBC314F528170CD2004CBD67 /* Frameworks */ = {
			isa = PBXFrameworksBuildPhase;
			buildActionMask = 2147483647;
			files = (
			);
			runOnlyForDeploymentPostprocessing = 0;
		};
/* End PBXFrameworksBuildPhase section */

/* Begin PBXGroup section */
		CB2501912824DE8400ACFB46 /* Shapes */ = {
			isa = PBXGroup;
			children = (
				CB2501922824DE8C00ACFB46 /* Cross.swift */,
				CB3FD6F82826712500BCB20A /* AnyShape.swift */,
			);
			path = Shapes;
			sourceTree = "<group>";
		};
		CB3FD6F4282670B400BCB20A /* Views */ = {
			isa = PBXGroup;
			children = (
				CBC314FD28170CD2004CBD67 /* GameView.swift */,
				CB3FD6F6282670FE00BCB20A /* TileView.swift */,
				CB3FD6FA2826728A00BCB20A /* SymbolView.swift */,
				CB3FD6FD282676FE00BCB20A /* GameTileView.swift */,
				CB23A4E02826D676004CE426 /* BoardView.swift */,
				CB23A4E22826E059004CE426 /* MenuView.swift */,
			);
			path = Views;
			sourceTree = "<group>";
		};
		CB3FD6F5282670BE00BCB20A /* ViewModel */ = {
			isa = PBXGroup;
			children = (
				CBC3150B28171536004CBD67 /* GameViewModel.swift */,
				CB586C04282972DA00138289 /* MenuViewModel.swift */,
			);
			path = ViewModel;
			sourceTree = "<group>";
		};
		CBB2D4A928243F220023071A /* Model */ = {
			isa = PBXGroup;
			children = (
				CBC315092817132E004CBD67 /* Game.swift */,
			);
			path = Model;
			sourceTree = "<group>";
		};
		CBB2D4AA28243F440023071A /* View */ = {
			isa = PBXGroup;
			children = (
				CB3FD6F4282670B400BCB20A /* Views */,
				CB2501912824DE8400ACFB46 /* Shapes */,
			);
			path = View;
			sourceTree = "<group>";
		};
		CBC314EF28170CD2004CBD67 = {
			isa = PBXGroup;
			children = (
				CBC314FA28170CD2004CBD67 /* TicTacToe */,
				CBC314F928170CD2004CBD67 /* Products */,
			);
			sourceTree = "<group>";
		};
		CBC314F928170CD2004CBD67 /* Products */ = {
			isa = PBXGroup;
			children = (
				CBC314F828170CD2004CBD67 /* TicTacToe.app */,
			);
			name = Products;
			sourceTree = "<group>";
		};
		CBC314FA28170CD2004CBD67 /* TicTacToe */ = {
			isa = PBXGroup;
			children = (
				CBC314FB28170CD2004CBD67 /* TicTacToeApp.swift */,
				CBB2D4A928243F220023071A /* Model */,
				CBB2D4AA28243F440023071A /* View */,
				CB3FD6F5282670BE00BCB20A /* ViewModel */,
				CBC314FF28170CD4004CBD67 /* Assets.xcassets */,
				CBC3150128170CD4004CBD67 /* Preview Content */,
			);
			path = TicTacToe;
			sourceTree = "<group>";
		};
		CBC3150128170CD4004CBD67 /* Preview Content */ = {
			isa = PBXGroup;
			children = (
				CBC3150228170CD4004CBD67 /* Preview Assets.xcassets */,
			);
			path = "Preview Content";
			sourceTree = "<group>";
		};
/* End PBXGroup section */

/* Begin PBXNativeTarget section */
		CBC314F728170CD2004CBD67 /* TicTacToe */ = {
			isa = PBXNativeTarget;
			buildConfigurationList = CBC3150628170CD4004CBD67 /* Build configuration list for PBXNativeTarget "TicTacToe" */;
			buildPhases = (
				CBC314F428170CD2004CBD67 /* Sources */,
				CBC314F528170CD2004CBD67 /* Frameworks */,
				CBC314F628170CD2004CBD67 /* Resources */,
			);
			buildRules = (
			);
			dependencies = (
			);
			name = TicTacToe;
			productName = TicTacToe;
			productReference = CBC314F828170CD2004CBD67 /* TicTacToe.app */;
			productType = "com.apple.product-type.application";
		};
/* End PBXNativeTarget section */

/* Begin PBXProject section */
		CBC314F028170CD2004CBD67 /* Project object */ = {
			isa = PBXProject;
			attributes = {
				BuildIndependentTargetsInParallel = 1;
				LastSwiftUpdateCheck = 1330;
				LastUpgradeCheck = 1330;
				TargetAttributes = {
					CBC314F728170CD2004CBD67 = {
						CreatedOnToolsVersion = 13.3.1;
					};
				};
			};
			buildConfigurationList = CBC314F328170CD2004CBD67 /* Build configuration list for PBXProject "TicTacToe" */;
			compatibilityVersion = "Xcode 13.0";
			developmentRegion = en;
			hasScannedForEncodings = 0;
			knownRegions = (
				en,
				Base,
			);
			mainGroup = CBC314EF28170CD2004CBD67;
			productRefGroup = CBC314F928170CD2004CBD67 /* Products */;
			projectDirPath = "";
			projectRoot = "";
			targets = (
				CBC314F728170CD2004CBD67 /* TicTacToe */,
			);
		};
/* End PBXProject section */

/* Begin PBXResourcesBuildPhase section */
		CBC314F628170CD2004CBD67 /* Resources */ = {
			isa = PBXResourcesBuildPhase;
			buildActionMask = 2147483647;
			files = (
				CBC3150328170CD4004CBD67 /* Preview Assets.xcassets in Resources */,
				CBC3150028170CD4004CBD67 /* Assets.xcassets in Resources */,
			);
			runOnlyForDeploymentPostprocessing = 0;
		};
/* End PBXResourcesBuildPhase section */

/* Begin PBXSourcesBuildPhase section */
		CBC314F428170CD2004CBD67 /* Sources */ = {
			isa = PBXSourcesBuildPhase;
			buildActionMask = 2147483647;
			files = (
				CBC314FE28170CD2004CBD67 /* GameView.swift in Sources */,
				CB2501932824DE8C00ACFB46 /* Cross.swift in Sources */,
				CBC3150A2817132E004CBD67 /* Game.swift in Sources */,
				CB586C05282972DA00138289 /* MenuViewModel.swift in Sources */,
				CB3FD6F92826712500BCB20A /* AnyShape.swift in Sources */,
				CB3FD6FE282676FE00BCB20A /* GameTileView.swift in Sources */,
				CB3FD6FB2826728A00BCB20A /* SymbolView.swift in Sources */,
				CBC3150C28171536004CBD67 /* GameViewModel.swift in Sources */,
				CB23A4E32826E059004CE426 /* MenuView.swift in Sources */,
				CB23A4E12826D676004CE426 /* BoardView.swift in Sources */,
				CB3FD6F7282670FE00BCB20A /* TileView.swift in Sources */,
				CBC314FC28170CD2004CBD67 /* TicTacToeApp.swift in Sources */,
			);
			runOnlyForDeploymentPostprocessing = 0;
		};
/* End PBXSourcesBuildPhase section */

/* Begin XCBuildConfiguration section */
		CBC3150428170CD4004CBD67 /* Debug */ = {
			isa = XCBuildConfiguration;
			buildSettings = {
				ALWAYS_SEARCH_USER_PATHS = NO;
				CLANG_ANALYZER_NONNULL = YES;
				CLANG_ANALYZER_NUMBER_OBJECT_CONVERSION = YES_AGGRESSIVE;
				CLANG_CXX_LANGUAGE_STANDARD = "gnu++17";
				CLANG_ENABLE_MODULES = YES;
				CLANG_ENABLE_OBJC_ARC = YES;
				CLANG_ENABLE_OBJC_WEAK = YES;
				CLANG_WARN_BLOCK_CAPTURE_AUTORELEASING = YES;
				CLANG_WARN_BOOL_CONVERSION = YES;
				CLANG_WARN_COMMA = YES;
				CLANG_WARN_CONSTANT_CONVERSION = YES;
				CLANG_WARN_DEPRECATED_OBJC_IMPLEMENTATIONS = YES;
				CLANG_WARN_DIRECT_OBJC_ISA_USAGE = YES_ERROR;
				CLANG_WARN_DOCUMENTATION_COMMENTS = YES;
				CLANG_WARN_EMPTY_BODY = YES;
				CLANG_WARN_ENUM_CONVERSION = YES;
				CLANG_WARN_INFINITE_RECURSION = YES;
				CLANG_WARN_INT_CONVERSION = YES;
				CLANG_WARN_NON_LITERAL_NULL_CONVERSION = YES;
				CLANG_WARN_OBJC_IMPLICIT_RETAIN_SELF = YES;
				CLANG_WARN_OBJC_LITERAL_CONVERSION = YES;
				CLANG_WARN_OBJC_ROOT_CLASS = YES_ERROR;
				CLANG_WARN_QUOTED_INCLUDE_IN_FRAMEWORK_HEADER = YES;
				CLANG_WARN_RANGE_LOOP_ANALYSIS = YES;
				CLANG_WARN_STRICT_PROTOTYPES = YES;
				CLANG_WARN_SUSPICIOUS_MOVE = YES;
				CLANG_WARN_UNGUARDED_AVAILABILITY = YES_AGGRESSIVE;
				CLANG_WARN_UNREACHABLE_CODE = YES;
				CLANG_WARN__DUPLICATE_METHOD_MATCH = YES;
				COPY_PHASE_STRIP = NO;
				DEBUG_INFORMATION_FORMAT = dwarf;
				ENABLE_STRICT_OBJC_MSGSEND = YES;
				ENABLE_TESTABILITY = YES;
				GCC_C_LANGUAGE_STANDARD = gnu11;
				GCC_DYNAMIC_NO_PIC = NO;
				GCC_NO_COMMON_BLOCKS = YES;
				GCC_OPTIMIZATION_LEVEL = 0;
				GCC_PREPROCESSOR_DEFINITIONS = (
					"DEBUG=1",
					"$(inherited)",
				);
				GCC_WARN_64_TO_32_BIT_CONVERSION = YES;
				GCC_WARN_ABOUT_RETURN_TYPE = YES_ERROR;
				GCC_WARN_UNDECLARED_SELECTOR = YES;
				GCC_WARN_UNINITIALIZED_AUTOS = YES_AGGRESSIVE;
				GCC_WARN_UNUSED_FUNCTION = YES;
				GCC_WARN_UNUSED_VARIABLE = YES;
				IPHONEOS_DEPLOYMENT_TARGET = 15.4;
				MTL_ENABLE_DEBUG_INFO = INCLUDE_SOURCE;
				MTL_FAST_MATH = YES;
				ONLY_ACTIVE_ARCH = YES;
				SDKROOT = iphoneos;
				SWIFT_ACTIVE_COMPILATION_CONDITIONS = DEBUG;
				SWIFT_OPTIMIZATION_LEVEL = "-Onone";
			};
			name = Debug;
		};
		CBC3150528170CD4004CBD67 /* Release */ = {
			isa = XCBuildConfiguration;
			buildSettings = {
				ALWAYS_SEARCH_USER_PATHS = NO;
				CLANG_ANALYZER_NONNULL = YES;
				CLANG_ANALYZER_NUMBER_OBJECT_CONVERSION = YES_AGGRESSIVE;
				CLANG_CXX_LANGUAGE_STANDARD = "gnu++17";
				CLANG_ENABLE_MODULES = YES;
				CLANG_ENABLE_OBJC_ARC = YES;
				CLANG_ENABLE_OBJC_WEAK = YES;
				CLANG_WARN_BLOCK_CAPTURE_AUTORELEASING = YES;
				CLANG_WARN_BOOL_CONVERSION = YES;
				CLANG_WARN_COMMA = YES;
				CLANG_WARN_CONSTANT_CONVERSION = YES;
				CLANG_WARN_DEPRECATED_OBJC_IMPLEMENTATIONS = YES;
				CLANG_WARN_DIRECT_OBJC_ISA_USAGE = YES_ERROR;
				CLANG_WARN_DOCUMENTATION_COMMENTS = YES;
				CLANG_WARN_EMPTY_BODY = YES;
				CLANG_WARN_ENUM_CONVERSION = YES;
				CLANG_WARN_INFINITE_RECURSION = YES;
				CLANG_WARN_INT_CONVERSION = YES;
				CLANG_WARN_NON_LITERAL_NULL_CONVERSION = YES;
				CLANG_WARN_OBJC_IMPLICIT_RETAIN_SELF = YES;
				CLANG_WARN_OBJC_LITERAL_CONVERSION = YES;
				CLANG_WARN_OBJC_ROOT_CLASS = YES_ERROR;
				CLANG_WARN_QUOTED_INCLUDE_IN_FRAMEWORK_HEADER = YES;
				CLANG_WARN_RANGE_LOOP_ANALYSIS = YES;
				CLANG_WARN_STRICT_PROTOTYPES = YES;
				CLANG_WARN_SUSPICIOUS_MOVE = YES;
				CLANG_WARN_UNGUARDED_AVAILABILITY = YES_AGGRESSIVE;
				CLANG_WARN_UNREACHABLE_CODE = YES;
				CLANG_WARN__DUPLICATE_METHOD_MATCH = YES;
				COPY_PHASE_STRIP = NO;
				DEBUG_INFORMATION_FORMAT = "dwarf-with-dsym";
				ENABLE_NS_ASSERTIONS = NO;
				ENABLE_STRICT_OBJC_MSGSEND = YES;
				GCC_C_LANGUAGE_STANDARD = gnu11;
				GCC_NO_COMMON_BLOCKS = YES;
				GCC_WARN_64_TO_32_BIT_CONVERSION = YES;
				GCC_WARN_ABOUT_RETURN_TYPE = YES_ERROR;
				GCC_WARN_UNDECLARED_SELECTOR = YES;
				GCC_WARN_UNINITIALIZED_AUTOS = YES_AGGRESSIVE;
				GCC_WARN_UNUSED_FUNCTION = YES;
				GCC_WARN_UNUSED_VARIABLE = YES;
				IPHONEOS_DEPLOYMENT_TARGET = 15.4;
				MTL_ENABLE_DEBUG_INFO = NO;
				MTL_FAST_MATH = YES;
				SDKROOT = iphoneos;
				SWIFT_COMPILATION_MODE = wholemodule;
				SWIFT_OPTIMIZATION_LEVEL = "-O";
				VALIDATE_PRODUCT = YES;
			};
			name = Release;
		};
		CBC3150728170CD4004CBD67 /* Debug */ = {
			isa = XCBuildConfiguration;
			buildSettings = {
				ASSETCATALOG_COMPILER_APPICON_NAME = AppIcon;
				ASSETCATALOG_COMPILER_GLOBAL_ACCENT_COLOR_NAME = AccentColor;
				CODE_SIGN_STYLE = Automatic;
				CURRENT_PROJECT_VERSION = 1;
				DEVELOPMENT_ASSET_PATHS = "\"TicTacToe/Preview Content\"";
				DEVELOPMENT_TEAM = 5667E7L429;
				ENABLE_PREVIEWS = YES;
				GENERATE_INFOPLIST_FILE = YES;
				INFOPLIST_KEY_UIApplicationSceneManifest_Generation = YES;
				INFOPLIST_KEY_UIApplicationSupportsIndirectInputEvents = YES;
				INFOPLIST_KEY_UILaunchScreen_Generation = YES;
				INFOPLIST_KEY_UISupportedInterfaceOrientations_iPad = "UIInterfaceOrientationPortrait UIInterfaceOrientationPortraitUpsideDown UIInterfaceOrientationLandscapeLeft UIInterfaceOrientationLandscapeRight";
				INFOPLIST_KEY_UISupportedInterfaceOrientations_iPhone = "UIInterfaceOrientationPortrait UIInterfaceOrientationLandscapeLeft UIInterfaceOrientationLandscapeRight";
				IPHONEOS_DEPLOYMENT_TARGET = 15.3;
				LD_RUNPATH_SEARCH_PATHS = (
					"$(inherited)",
					"@executable_path/Frameworks",
				);
				MARKETING_VERSION = 1.0;
				PRODUCT_BUNDLE_IDENTIFIER = pl.lgryl.TicTacToe;
				PRODUCT_NAME = "$(TARGET_NAME)";
				SWIFT_EMIT_LOC_STRINGS = YES;
				SWIFT_VERSION = 5.0;
				TARGETED_DEVICE_FAMILY = "1,2";
			};
			name = Debug;
		};
		CBC3150828170CD4004CBD67 /* Release */ = {
			isa = XCBuildConfiguration;
			buildSettings = {
				ASSETCATALOG_COMPILER_APPICON_NAME = AppIcon;
				ASSETCATALOG_COMPILER_GLOBAL_ACCENT_COLOR_NAME = AccentColor;
				CODE_SIGN_STYLE = Automatic;
				CURRENT_PROJECT_VERSION = 1;
				DEVELOPMENT_ASSET_PATHS = "\"TicTacToe/Preview Content\"";
				DEVELOPMENT_TEAM = 5667E7L429;
				ENABLE_PREVIEWS = YES;
				GENERATE_INFOPLIST_FILE = YES;
				INFOPLIST_KEY_UIApplicationSceneManifest_Generation = YES;
				INFOPLIST_KEY_UIApplicationSupportsIndirectInputEvents = YES;
				INFOPLIST_KEY_UILaunchScreen_Generation = YES;
				INFOPLIST_KEY_UISupportedInterfaceOrientations_iPad = "UIInterfaceOrientationPortrait UIInterfaceOrientationPortraitUpsideDown UIInterfaceOrientationLandscapeLeft UIInterfaceOrientationLandscapeRight";
				INFOPLIST_KEY_UISupportedInterfaceOrientations_iPhone = "UIInterfaceOrientationPortrait UIInterfaceOrientationLandscapeLeft UIInterfaceOrientationLandscapeRight";
				IPHONEOS_DEPLOYMENT_TARGET = 15.3;
				LD_RUNPATH_SEARCH_PATHS = (
					"$(inherited)",
					"@executable_path/Frameworks",
				);
				MARKETING_VERSION = 1.0;
				PRODUCT_BUNDLE_IDENTIFIER = pl.lgryl.TicTacToe;
				PRODUCT_NAME = "$(TARGET_NAME)";
				SWIFT_EMIT_LOC_STRINGS = YES;
				SWIFT_VERSION = 5.0;
				TARGETED_DEVICE_FAMILY = "1,2";
			};
			name = Release;
		};
/* End XCBuildConfiguration section */

/* Begin XCConfigurationList section */
		CBC314F328170CD2004CBD67 /* Build configuration list for PBXProject "TicTacToe" */ = {
			isa = XCConfigurationList;
			buildConfigurations = (
				CBC3150428170CD4004CBD67 /* Debug */,
				CBC3150528170CD4004CBD67 /* Release */,
			);
			defaultConfigurationIsVisible = 0;
			defaultConfigurationName = Release;
		};
		CBC3150628170CD4004CBD67 /* Build configuration list for PBXNativeTarget "TicTacToe" */ = {
			isa = XCConfigurationList;
			buildConfigurations = (
				CBC3150728170CD4004CBD67 /* Debug */,
				CBC3150828170CD4004CBD67 /* Release */,
			);
			defaultConfigurationIsVisible = 0;
			defaultConfigurationName = Release;
		};
/* End XCConfigurationList section */
	};
	rootObject = CBC314F028170CD2004CBD67 /* Project object */;
}
